---
- name: Install deps
  ansible.builtin.dnf:
    name: [pam-devel, scdoc]
  tags: [sway, swaylock]

- name: Checkout swaylock
  become: false
  ansible.builtin.git:
    repo: https://github.com/swaywm/swaylock.git
    dest: "{{ sway_sw_dir }}/swaylock"
    version: "{{ sway_swaylock_version }}"
  register: git_clone
  tags: [sway, swaylock]

- name: Meson build
  environment:
    PKG_CONFIG_PATH: /usr/local/lib64/pkgconfig
  ansible.builtin.command: meson build -Dsysconfdir=/etc
  changed_when: true
  become: false
  args:
    chdir: "{{ sway_sw_dir }}/swaylock"
  when: git_clone.remote_url_changed is not defined or git_clone.remote_url_changed
  tags: [sway, swaylock]

- name: Ninja build
  ansible.builtin.command: ninja -C build
  changed_when: true
  become: false
  args:
    chdir: "{{ sway_sw_dir }}/swaylock"
  when: git_clone.remote_url_changed is not defined or git_clone.remote_url_changed
  tags: [sway, swaylock]

- name: Ninja install
  ansible.builtin.command: ninja -C build install
  changed_when: true
  args:
    chdir: "{{ sway_sw_dir }}/swaylock"
  when: git_clone.remote_url_changed is not defined or git_clone.remote_url_changed
  tags: [sway, swaylock]
